# This file is autogenerated, do not edit; changes may be undone by the next 'dep ensure'.


[[projects]]
  branch = "master"
  name = "github.com/edsrzf/mmap-go"
  packages = ["."]
  revision = "0bce6a6887123b67a60366d2c9fe2dfb74289d2e"

[solve-meta]
  analyzer-name = "dep"
  analyzer-version = 1
  inputs-digest = "bab2fe72a4358caef6dc7fc2dc0b815bd9d58b37a948e2f3b7b4d0ba5d41dbef"
  solver-name = "gps-cdcl"
  solver-version = 1
